
Microsoft Visual Studio Solution File, Format Version 12.00
# Visual Studio Version 16
VisualStudioVersion = 16.0.31402.337
MinimumVisualStudioVersion = 10.0.40219.1
Project("{8BC9CEB8-8B4A-11D0-8D11-00A0C91BC942}") = "test_8_7", "test_8_7.vcxproj", "{EED425C4-484C-4513-B603-BB23701F93BD}"
EndProject
Global
	GlobalSection(SolutionConfigurationPlatforms) = preSolution
		Debug|x64 = Debug|x64
		Debug|x86 = Debug|x86
		Release|x64 = Release|x64
		Release|x86 = Release|x86
	EndGlobalSection
	GlobalSection(ProjectConfigurationPlatforms) = postSolution
		{EED425C4-484C-4513-B603-BB23701F93BD}.Debug|x64.ActiveCfg = Debug|x64
		{EED425C4-484C-4513-B603-BB23701F93BD}.Debug|x64.Build.0 = Debug|x64
		{EED425C4-484C-4513-B603-BB23701F93BD}.Debug|x86.ActiveCfg = Debug|Win32
		{EED425C4-484C-4513-B603-BB23701F93BD}.Debug|x86.Build.0 = Debug|Win32
		{EED425C4-484C-4513-B603-BB23701F93BD}.Release|x64.ActiveCfg = Release|x64
		{EED425C4-484C-4513-B603-BB23701F93BD}.Release|x64.Build.0 = Release|x64
		{EED425C4-484C-4513-B603-BB23701F93BD}.Release|x86.ActiveCfg = Release|Win32
		{EED425C4-484C-4513-B603-BB23701F93BD}.Release|x86.Build.0 = Release|Win32
	EndGlobalSection
	GlobalSection(SolutionProperties) = preSolution
		HideSolutionNode = FALSE
	EndGlobalSection
	GlobalSection(ExtensibilityGlobals) = postSolution
		SolutionGuid = {5F4F1C03-D924-433F-B7C3-0BD2081E9C11}
	EndGlobalSection
EndGlobal
