
Microsoft Visual Studio Solution File, Format Version 12.00
# Visual Studio Version 16
VisualStudioVersion = 16.0.31402.337
MinimumVisualStudioVersion = 10.0.40219.1
Project("{8BC9CEB8-8B4A-11D0-8D11-00A0C91BC942}") = "test_03_02", "test_03_02\test_03_02.vcxproj", "{57764EBC-D52F-4215-A51E-87526C3A62E1}"
EndProject
Global
	GlobalSection(SolutionConfigurationPlatforms) = preSolution
		Debug|x64 = Debug|x64
		Debug|x86 = Debug|x86
		Release|x64 = Release|x64
		Release|x86 = Release|x86
	EndGlobalSection
	GlobalSection(ProjectConfigurationPlatforms) = postSolution
		{57764EBC-D52F-4215-A51E-87526C3A62E1}.Debug|x64.ActiveCfg = Debug|x64
		{57764EBC-D52F-4215-A51E-87526C3A62E1}.Debug|x64.Build.0 = Debug|x64
		{57764EBC-D52F-4215-A51E-87526C3A62E1}.Debug|x86.ActiveCfg = Debug|Win32
		{57764EBC-D52F-4215-A51E-87526C3A62E1}.Debug|x86.Build.0 = Debug|Win32
		{57764EBC-D52F-4215-A51E-87526C3A62E1}.Release|x64.ActiveCfg = Release|x64
		{57764EBC-D52F-4215-A51E-87526C3A62E1}.Release|x64.Build.0 = Release|x64
		{57764EBC-D52F-4215-A51E-87526C3A62E1}.Release|x86.ActiveCfg = Release|Win32
		{57764EBC-D52F-4215-A51E-87526C3A62E1}.Release|x86.Build.0 = Release|Win32
	EndGlobalSection
	GlobalSection(SolutionProperties) = preSolution
		HideSolutionNode = FALSE
	EndGlobalSection
	GlobalSection(ExtensibilityGlobals) = postSolution
		SolutionGuid = {E16835FF-7E2F-4F00-A44F-9B8D3144EC0B}
	EndGlobalSection
EndGlobal
