
Microsoft Visual Studio Solution File, Format Version 12.00
# Visual Studio Version 16
VisualStudioVersion = 16.0.31402.337
MinimumVisualStudioVersion = 10.0.40219.1
Project("{8BC9CEB8-8B4A-11D0-8D11-00A0C91BC942}") = "game1", "game1.vcxproj", "{1830269A-61E3-44CE-9521-AE9BB4C6B9A9}"
EndProject
Global
	GlobalSection(SolutionConfigurationPlatforms) = preSolution
		Debug|x64 = Debug|x64
		Debug|x86 = Debug|x86
		Release|x64 = Release|x64
		Release|x86 = Release|x86
	EndGlobalSection
	GlobalSection(ProjectConfigurationPlatforms) = postSolution
		{1830269A-61E3-44CE-9521-AE9BB4C6B9A9}.Debug|x64.ActiveCfg = Debug|x64
		{1830269A-61E3-44CE-9521-AE9BB4C6B9A9}.Debug|x64.Build.0 = Debug|x64
		{1830269A-61E3-44CE-9521-AE9BB4C6B9A9}.Debug|x86.ActiveCfg = Debug|Win32
		{1830269A-61E3-44CE-9521-AE9BB4C6B9A9}.Debug|x86.Build.0 = Debug|Win32
		{1830269A-61E3-44CE-9521-AE9BB4C6B9A9}.Release|x64.ActiveCfg = Release|x64
		{1830269A-61E3-44CE-9521-AE9BB4C6B9A9}.Release|x64.Build.0 = Release|x64
		{1830269A-61E3-44CE-9521-AE9BB4C6B9A9}.Release|x86.ActiveCfg = Release|Win32
		{1830269A-61E3-44CE-9521-AE9BB4C6B9A9}.Release|x86.Build.0 = Release|Win32
	EndGlobalSection
	GlobalSection(SolutionProperties) = preSolution
		HideSolutionNode = FALSE
	EndGlobalSection
	GlobalSection(ExtensibilityGlobals) = postSolution
		SolutionGuid = {172661FC-B6FE-43C1-BE3B-D17EF52AA148}
	EndGlobalSection
EndGlobal
