
Microsoft Visual Studio Solution File, Format Version 12.00
# Visual Studio Version 16
VisualStudioVersion = 16.0.31402.337
MinimumVisualStudioVersion = 10.0.40219.1
Project("{8BC9CEB8-8B4A-11D0-8D11-00A0C91BC942}") = "test_8_21", "test_8_21\test_8_21.vcxproj", "{E0309C3F-9307-41C4-9536-29772F66852B}"
EndProject
Global
	GlobalSection(SolutionConfigurationPlatforms) = preSolution
		Debug|x64 = Debug|x64
		Debug|x86 = Debug|x86
		Release|x64 = Release|x64
		Release|x86 = Release|x86
	EndGlobalSection
	GlobalSection(ProjectConfigurationPlatforms) = postSolution
		{E0309C3F-9307-41C4-9536-29772F66852B}.Debug|x64.ActiveCfg = Debug|x64
		{E0309C3F-9307-41C4-9536-29772F66852B}.Debug|x64.Build.0 = Debug|x64
		{E0309C3F-9307-41C4-9536-29772F66852B}.Debug|x86.ActiveCfg = Debug|Win32
		{E0309C3F-9307-41C4-9536-29772F66852B}.Debug|x86.Build.0 = Debug|Win32
		{E0309C3F-9307-41C4-9536-29772F66852B}.Release|x64.ActiveCfg = Release|x64
		{E0309C3F-9307-41C4-9536-29772F66852B}.Release|x64.Build.0 = Release|x64
		{E0309C3F-9307-41C4-9536-29772F66852B}.Release|x86.ActiveCfg = Release|Win32
		{E0309C3F-9307-41C4-9536-29772F66852B}.Release|x86.Build.0 = Release|Win32
	EndGlobalSection
	GlobalSection(SolutionProperties) = preSolution
		HideSolutionNode = FALSE
	EndGlobalSection
	GlobalSection(ExtensibilityGlobals) = postSolution
		SolutionGuid = {42E23099-635F-4A8F-80EB-696AC0749EE0}
	EndGlobalSection
EndGlobal
