
Microsoft Visual Studio Solution File, Format Version 12.00
# Visual Studio Version 16
VisualStudioVersion = 16.0.31402.337
MinimumVisualStudioVersion = 10.0.40219.1
Project("{8BC9CEB8-8B4A-11D0-8D11-00A0C91BC942}") = "test_2022_01_10", "test_2022_01_10\test_2022_01_10.vcxproj", "{37A64E16-074A-4260-B730-66E1D5B4857C}"
EndProject
Global
	GlobalSection(SolutionConfigurationPlatforms) = preSolution
		Debug|x64 = Debug|x64
		Debug|x86 = Debug|x86
		Release|x64 = Release|x64
		Release|x86 = Release|x86
	EndGlobalSection
	GlobalSection(ProjectConfigurationPlatforms) = postSolution
		{37A64E16-074A-4260-B730-66E1D5B4857C}.Debug|x64.ActiveCfg = Debug|x64
		{37A64E16-074A-4260-B730-66E1D5B4857C}.Debug|x64.Build.0 = Debug|x64
		{37A64E16-074A-4260-B730-66E1D5B4857C}.Debug|x86.ActiveCfg = Debug|Win32
		{37A64E16-074A-4260-B730-66E1D5B4857C}.Debug|x86.Build.0 = Debug|Win32
		{37A64E16-074A-4260-B730-66E1D5B4857C}.Release|x64.ActiveCfg = Release|x64
		{37A64E16-074A-4260-B730-66E1D5B4857C}.Release|x64.Build.0 = Release|x64
		{37A64E16-074A-4260-B730-66E1D5B4857C}.Release|x86.ActiveCfg = Release|Win32
		{37A64E16-074A-4260-B730-66E1D5B4857C}.Release|x86.Build.0 = Release|Win32
	EndGlobalSection
	GlobalSection(SolutionProperties) = preSolution
		HideSolutionNode = FALSE
	EndGlobalSection
	GlobalSection(ExtensibilityGlobals) = postSolution
		SolutionGuid = {1BEAF2D8-BB77-4385-931E-36ED5F4ED667}
	EndGlobalSection
EndGlobal
