
Microsoft Visual Studio Solution File, Format Version 12.00
# Visual Studio Version 16
VisualStudioVersion = 16.0.31402.337
MinimumVisualStudioVersion = 10.0.40219.1
Project("{8BC9CEB8-8B4A-11D0-8D11-00A0C91BC942}") = "test_10_11", "test_10_11\test_10_11.vcxproj", "{6556CEC8-9504-4489-9A14-86618AC368FA}"
EndProject
Global
	GlobalSection(SolutionConfigurationPlatforms) = preSolution
		Debug|x64 = Debug|x64
		Debug|x86 = Debug|x86
		Release|x64 = Release|x64
		Release|x86 = Release|x86
	EndGlobalSection
	GlobalSection(ProjectConfigurationPlatforms) = postSolution
		{6556CEC8-9504-4489-9A14-86618AC368FA}.Debug|x64.ActiveCfg = Debug|x64
		{6556CEC8-9504-4489-9A14-86618AC368FA}.Debug|x64.Build.0 = Debug|x64
		{6556CEC8-9504-4489-9A14-86618AC368FA}.Debug|x86.ActiveCfg = Debug|Win32
		{6556CEC8-9504-4489-9A14-86618AC368FA}.Debug|x86.Build.0 = Debug|Win32
		{6556CEC8-9504-4489-9A14-86618AC368FA}.Release|x64.ActiveCfg = Release|x64
		{6556CEC8-9504-4489-9A14-86618AC368FA}.Release|x64.Build.0 = Release|x64
		{6556CEC8-9504-4489-9A14-86618AC368FA}.Release|x86.ActiveCfg = Release|Win32
		{6556CEC8-9504-4489-9A14-86618AC368FA}.Release|x86.Build.0 = Release|Win32
	EndGlobalSection
	GlobalSection(SolutionProperties) = preSolution
		HideSolutionNode = FALSE
	EndGlobalSection
	GlobalSection(ExtensibilityGlobals) = postSolution
		SolutionGuid = {88AE46FB-656B-4DF7-A38E-8EE3FEA27F27}
	EndGlobalSection
EndGlobal
