
Microsoft Visual Studio Solution File, Format Version 12.00
# Visual Studio Version 16
VisualStudioVersion = 16.0.31402.337
MinimumVisualStudioVersion = 10.0.40219.1
Project("{8BC9CEB8-8B4A-11D0-8D11-00A0C91BC942}") = "test_7_23", "test_7_23\test_7_23.vcxproj", "{4C03D343-7142-4838-AAC3-AADCBD04B66C}"
EndProject
Global
	GlobalSection(SolutionConfigurationPlatforms) = preSolution
		Debug|x64 = Debug|x64
		Debug|x86 = Debug|x86
		Release|x64 = Release|x64
		Release|x86 = Release|x86
	EndGlobalSection
	GlobalSection(ProjectConfigurationPlatforms) = postSolution
		{4C03D343-7142-4838-AAC3-AADCBD04B66C}.Debug|x64.ActiveCfg = Debug|x64
		{4C03D343-7142-4838-AAC3-AADCBD04B66C}.Debug|x64.Build.0 = Debug|x64
		{4C03D343-7142-4838-AAC3-AADCBD04B66C}.Debug|x86.ActiveCfg = Debug|Win32
		{4C03D343-7142-4838-AAC3-AADCBD04B66C}.Debug|x86.Build.0 = Debug|Win32
		{4C03D343-7142-4838-AAC3-AADCBD04B66C}.Release|x64.ActiveCfg = Release|x64
		{4C03D343-7142-4838-AAC3-AADCBD04B66C}.Release|x64.Build.0 = Release|x64
		{4C03D343-7142-4838-AAC3-AADCBD04B66C}.Release|x86.ActiveCfg = Release|Win32
		{4C03D343-7142-4838-AAC3-AADCBD04B66C}.Release|x86.Build.0 = Release|Win32
	EndGlobalSection
	GlobalSection(SolutionProperties) = preSolution
		HideSolutionNode = FALSE
	EndGlobalSection
	GlobalSection(ExtensibilityGlobals) = postSolution
		SolutionGuid = {D2BBED14-E839-4930-B094-46972D9BF1F4}
	EndGlobalSection
EndGlobal
